// !$*UTF8*$!
{
	archiveVersion = 1;
	classes = {
	};
	objectVersion = 50;
	objects = {

/* Begin PBXBuildFile section */
		FE682AAC2672902C00C8B0C6 /* Constant.swift in Sources */ = {isa = PBXBuildFile; fileRef = FE682AAB2672902C00C8B0C6 /* Constant.swift */; };
		FE9B253F2586E91D00532B22 /* AppDelegate.swift in Sources */ = {isa = PBXBuildFile; fileRef = FE9B253E2586E91D00532B22 /* AppDelegate.swift */; };
		FE9B25412586E91D00532B22 /* SceneDelegate.swift in Sources */ = {isa = PBXBuildFile; fileRef = FE9B25402586E91D00532B22 /* SceneDelegate.swift */; };
		FE9B25462586E91D00532B22 /* Main.storyboard in Resources */ = {isa = PBXBuildFile; fileRef = FE9B25442586E91D00532B22 /* Main.storyboard */; };
		FE9B25482586E91F00532B22 /* Assets.xcassets in Resources */ = {isa = PBXBuildFile; fileRef = FE9B25472586E91F00532B22 /* Assets.xcassets */; };
		FE9B254B2586E91F00532B22 /* LaunchScreen.storyboard in Resources */ = {isa = PBXBuildFile; fileRef = FE9B25492586E91F00532B22 /* LaunchScreen.storyboard */; };
		FE9B25562586E91F00532B22 /* MVVM_APITests.swift in Sources */ = {isa = PBXBuildFile; fileRef = FE9B25552586E91F00532B22 /* MVVM_APITests.swift */; };
		FE9B25612586E92000532B22 /* MVVM_APIUITests.swift in Sources */ = {isa = PBXBuildFile; fileRef = FE9B25602586E92000532B22 /* MVVM_APIUITests.swift */; };
		FE9B25772586E99300532B22 /* Employee.swift in Sources */ = {isa = PBXBuildFile; fileRef = FE9B25762586E99300532B22 /* Employee.swift */; };
		FE9B257F2586E9AB00532B22 /* EmployeeViewModel.swift in Sources */ = {isa = PBXBuildFile; fileRef = FE9B257E2586E9AB00532B22 /* EmployeeViewModel.swift */; };
		FE9B25872586E9CD00532B22 /* APIService.swift in Sources */ = {isa = PBXBuildFile; fileRef = FE9B25862586E9CD00532B22 /* APIService.swift */; };
		FE9B258F2586F19300532B22 /* EmployeeTableViewController.swift in Sources */ = {isa = PBXBuildFile; fileRef = FE9B258E2586F19300532B22 /* EmployeeTableViewController.swift */; };
/* End PBXBuildFile section */

/* Begin PBXContainerItemProxy section */
		FE9B25522586E91F00532B22 /* PBXContainerItemProxy */ = {
			isa = PBXContainerItemProxy;
			containerPortal = FE9B25332586E91D00532B22 /* Project object */;
			proxyType = 1;
			remoteGlobalIDString = FE9B253A2586E91D00532B22;
			remoteInfo = "MVVM-API";
		};
		FE9B255D2586E92000532B22 /* PBXContainerItemProxy */ = {
			isa = PBXContainerItemProxy;
			containerPortal = FE9B25332586E91D00532B22 /* Project object */;
			proxyType = 1;
			remoteGlobalIDString = FE9B253A2586E91D00532B22;
			remoteInfo = "MVVM-API";
		};
/* End PBXContainerItemProxy section */

/* Begin PBXFileReference section */
		FE682AAB2672902C00C8B0C6 /* Constant.swift */ = {isa = PBXFileReference; lastKnownFileType = sourcecode.swift; path = Constant.swift; sourceTree = "<group>"; };
		FE9B253B2586E91D00532B22 /* MVVM-API.app */ = {isa = PBXFileReference; explicitFileType = wrapper.application; includeInIndex = 0; path = "MVVM-API.app"; sourceTree = BUILT_PRODUCTS_DIR; };
		FE9B253E2586E91D00532B22 /* AppDelegate.swift */ = {isa = PBXFileReference; lastKnownFileType = sourcecode.swift; path = AppDelegate.swift; sourceTree = "<group>"; };
		FE9B25402586E91D00532B22 /* SceneDelegate.swift */ = {isa = PBXFileReference; lastKnownFileType = sourcecode.swift; path = SceneDelegate.swift; sourceTree = "<group>"; };
		FE9B25452586E91D00532B22 /* Base */ = {isa = PBXFileReference; lastKnownFileType = file.storyboard; name = Base; path = Base.lproj/Main.storyboard; sourceTree = "<group>"; };
		FE9B25472586E91F00532B22 /* Assets.xcassets */ = {isa = PBXFileReference; lastKnownFileType = folder.assetcatalog; path = Assets.xcassets; sourceTree = "<group>"; };
		FE9B254A2586E91F00532B22 /* Base */ = {isa = PBXFileReference; lastKnownFileType = file.storyboard; name = Base; path = Base.lproj/LaunchScreen.storyboard; sourceTree = "<group>"; };
		FE9B254C2586E91F00532B22 /* Info.plist */ = {isa = PBXFileReference; lastKnownFileType = text.plist.xml; path = Info.plist; sourceTree = "<group>"; };
		FE9B25512586E91F00532B22 /* MVVM-APITests.xctest */ = {isa = PBXFileReference; explicitFileType = wrapper.cfbundle; includeInIndex = 0; path = "MVVM-APITests.xctest"; sourceTree = BUILT_PRODUCTS_DIR; };
		FE9B25552586E91F00532B22 /* MVVM_APITests.swift */ = {isa = PBXFileReference; lastKnownFileType = sourcecode.swift; path = MVVM_APITests.swift; sourceTree = "<group>"; };
		FE9B25572586E91F00532B22 /* Info.plist */ = {isa = PBXFileReference; lastKnownFileType = text.plist.xml; path = Info.plist; sourceTree = "<group>"; };
		FE9B255C2586E92000532B22 /* MVVM-APIUITests.xctest */ = {isa = PBXFileReference; explicitFileType = wrapper.cfbundle; includeInIndex = 0; path = "MVVM-APIUITests.xctest"; sourceTree = BUILT_PRODUCTS_DIR; };
		FE9B25602586E92000532B22 /* MVVM_APIUITests.swift */ = {isa = PBXFileReference; lastKnownFileType = sourcecode.swift; path = MVVM_APIUITests.swift; sourceTree = "<group>"; };
		FE9B25622586E92000532B22 /* Info.plist */ = {isa = PBXFileReference; lastKnownFileType = text.plist.xml; path = Info.plist; sourceTree = "<group>"; };
		FE9B25762586E99300532B22 /* Employee.swift */ = {isa = PBXFileReference; lastKnownFileType = sourcecode.swift; path = Employee.swift; sourceTree = "<group>"; };
		FE9B257E2586E9AB00532B22 /* EmployeeViewModel.swift */ = {isa = PBXFileReference; lastKnownFileType = sourcecode.swift; path = EmployeeViewModel.swift; sourceTree = "<group>"; };
		FE9B25862586E9CD00532B22 /* APIService.swift */ = {isa = PBXFileReference; lastKnownFileType = sourcecode.swift; path = APIService.swift; sourceTree = "<group>"; };
		FE9B258E2586F19300532B22 /* EmployeeTableViewController.swift */ = {isa = PBXFileReference; lastKnownFileType = sourcecode.swift; path = EmployeeTableViewController.swift; sourceTree = "<group>"; };
/* End PBXFileReference section */

/* Begin PBXFrameworksBuildPhase section */
		FE9B25382586E91D00532B22 /* Frameworks */ = {
			isa = PBXFrameworksBuildPhase;
			buildActionMask = 2147483647;
			files = (
			);
			runOnlyForDeploymentPostprocessing = 0;
		};
		FE9B254E2586E91F00532B22 /* Frameworks */ = {
			isa = PBXFrameworksBuildPhase;
			buildActionMask = 2147483647;
			files = (
			);
			runOnlyForDeploymentPostprocessing = 0;
		};
		FE9B25592586E92000532B22 /* Frameworks */ = {
			isa = PBXFrameworksBuildPhase;
			buildActionMask = 2147483647;
			files = (
			);
			runOnlyForDeploymentPostprocessing = 0;
		};
/* End PBXFrameworksBuildPhase section */

/* Begin PBXGroup section */
		FE9B25322586E91D00532B22 = {
			isa = PBXGroup;
			children = (
				FE9B253D2586E91D00532B22 /* MVVM-API */,
				FE9B25542586E91F00532B22 /* MVVM-APITests */,
				FE9B255F2586E92000532B22 /* MVVM-APIUITests */,
				FE9B253C2586E91D00532B22 /* Products */,
			);
			sourceTree = "<group>";
		};
		FE9B253C2586E91D00532B22 /* Products */ = {
			isa = PBXGroup;
			children = (
				FE9B253B2586E91D00532B22 /* MVVM-API.app */,
				FE9B25512586E91F00532B22 /* MVVM-APITests.xctest */,
				FE9B255C2586E92000532B22 /* MVVM-APIUITests.xctest */,
			);
			name = Products;
			sourceTree = "<group>";
		};
		FE9B253D2586E91D00532B22 /* MVVM-API */ = {
			isa = PBXGroup;
			children = (
				FE9B25742586E94E00532B22 /* Common */,
				FE9B25712586E93600532B22 /* API Services */,
				FE9B25732586E94500532B22 /* Model */,
				FE9B25752586E95500532B22 /* ViewController */,
				FE9B25722586E93D00532B22 /* ViewModel */,
				FE9B25442586E91D00532B22 /* Main.storyboard */,
				FE9B25492586E91F00532B22 /* LaunchScreen.storyboard */,
				FE9B25472586E91F00532B22 /* Assets.xcassets */,
				FE9B254C2586E91F00532B22 /* Info.plist */,
				FE682AAB2672902C00C8B0C6 /* Constant.swift */,
			);
			path = "MVVM-API";
			sourceTree = "<group>";
		};
		FE9B25542586E91F00532B22 /* MVVM-APITests */ = {
			isa = PBXGroup;
			children = (
				FE9B25552586E91F00532B22 /* MVVM_APITests.swift */,
				FE9B25572586E91F00532B22 /* Info.plist */,
			);
			path = "MVVM-APITests";
			sourceTree = "<group>";
		};
		FE9B255F2586E92000532B22 /* MVVM-APIUITests */ = {
			isa = PBXGroup;
			children = (
				FE9B25602586E92000532B22 /* MVVM_APIUITests.swift */,
				FE9B25622586E92000532B22 /* Info.plist */,
			);
			path = "MVVM-APIUITests";
			sourceTree = "<group>";
		};
		FE9B25712586E93600532B22 /* API Services */ = {
			isa = PBXGroup;
			children = (
				FE9B25862586E9CD00532B22 /* APIService.swift */,
			);
			path = "API Services";
			sourceTree = "<group>";
		};
		FE9B25722586E93D00532B22 /* ViewModel */ = {
			isa = PBXGroup;
			children = (
				FE9B257E2586E9AB00532B22 /* EmployeeViewModel.swift */,
			);
			path = ViewModel;
			sourceTree = "<group>";
		};
		FE9B25732586E94500532B22 /* Model */ = {
			isa = PBXGroup;
			children = (
				FE9B25762586E99300532B22 /* Employee.swift */,
			);
			path = Model;
			sourceTree = "<group>";
		};
		FE9B25742586E94E00532B22 /* Common */ = {
			isa = PBXGroup;
			children = (
				FE9B253E2586E91D00532B22 /* AppDelegate.swift */,
				FE9B25402586E91D00532B22 /* SceneDelegate.swift */,
			);
			path = Common;
			sourceTree = "<group>";
		};
		FE9B25752586E95500532B22 /* ViewController */ = {
			isa = PBXGroup;
			children = (
				FE9B258E2586F19300532B22 /* EmployeeTableViewController.swift */,
			);
			path = ViewController;
			sourceTree = "<group>";
		};
/* End PBXGroup section */

/* Begin PBXNativeTarget section */
		FE9B253A2586E91D00532B22 /* MVVM-API */ = {
			isa = PBXNativeTarget;
			buildConfigurationList = FE9B25652586E92000532B22 /* Build configuration list for PBXNativeTarget "MVVM-API" */;
			buildPhases = (
				FE9B25372586E91D00532B22 /* Sources */,
				FE9B25382586E91D00532B22 /* Frameworks */,
				FE9B25392586E91D00532B22 /* Resources */,
			);
			buildRules = (
			);
			dependencies = (
			);
			name = "MVVM-API";
			productName = "MVVM-API";
			productReference = FE9B253B2586E91D00532B22 /* MVVM-API.app */;
			productType = "com.apple.product-type.application";
		};
		FE9B25502586E91F00532B22 /* MVVM-APITests */ = {
			isa = PBXNativeTarget;
			buildConfigurationList = FE9B25682586E92000532B22 /* Build configuration list for PBXNativeTarget "MVVM-APITests" */;
			buildPhases = (
				FE9B254D2586E91F00532B22 /* Sources */,
				FE9B254E2586E91F00532B22 /* Frameworks */,
				FE9B254F2586E91F00532B22 /* Resources */,
			);
			buildRules = (
			);
			dependencies = (
				FE9B25532586E91F00532B22 /* PBXTargetDependency */,
			);
			name = "MVVM-APITests";
			productName = "MVVM-APITests";
			productReference = FE9B25512586E91F00532B22 /* MVVM-APITests.xctest */;
			productType = "com.apple.product-type.bundle.unit-test";
		};
		FE9B255B2586E92000532B22 /* MVVM-APIUITests */ = {
			isa = PBXNativeTarget;
			buildConfigurationList = FE9B256B2586E92000532B22 /* Build configuration list for PBXNativeTarget "MVVM-APIUITests" */;
			buildPhases = (
				FE9B25582586E92000532B22 /* Sources */,
				FE9B25592586E92000532B22 /* Frameworks */,
				FE9B255A2586E92000532B22 /* Resources */,
			);
			buildRules = (
			);
			dependencies = (
				FE9B255E2586E92000532B22 /* PBXTargetDependency */,
			);
			name = "MVVM-APIUITests";
			productName = "MVVM-APIUITests";
			productReference = FE9B255C2586E92000532B22 /* MVVM-APIUITests.xctest */;
			productType = "com.apple.product-type.bundle.ui-testing";
		};
/* End PBXNativeTarget section */

/* Begin PBXProject section */
		FE9B25332586E91D00532B22 /* Project object */ = {
			isa = PBXProject;
			attributes = {
				LastSwiftUpdateCheck = 1220;
				LastUpgradeCheck = 1220;
				TargetAttributes = {
					FE9B253A2586E91D00532B22 = {
						CreatedOnToolsVersion = 12.2;
					};
					FE9B25502586E91F00532B22 = {
						CreatedOnToolsVersion = 12.2;
						TestTargetID = FE9B253A2586E91D00532B22;
					};
					FE9B255B2586E92000532B22 = {
						CreatedOnToolsVersion = 12.2;
						TestTargetID = FE9B253A2586E91D00532B22;
					};
				};
			};
			buildConfigurationList = FE9B25362586E91D00532B22 /* Build configuration list for PBXProject "MVVM-API" */;
			compatibilityVersion = "Xcode 9.3";
			developmentRegion = en;
			hasScannedForEncodings = 0;
			knownRegions = (
				en,
				Base,
			);
			mainGroup = FE9B25322586E91D00532B22;
			productRefGroup = FE9B253C2586E91D00532B22 /* Products */;
			projectDirPath = "";
			projectRoot = "";
			targets = (
				FE9B253A2586E91D00532B22 /* MVVM-API */,
				FE9B25502586E91F00532B22 /* MVVM-APITests */,
				FE9B255B2586E92000532B22 /* MVVM-APIUITests */,
			);
		};
/* End PBXProject section */

/* Begin PBXResourcesBuildPhase section */
		FE9B25392586E91D00532B22 /* Resources */ = {
			isa = PBXResourcesBuildPhase;
			buildActionMask = 2147483647;
			files = (
				FE9B254B2586E91F00532B22 /* LaunchScreen.storyboard in Resources */,
				FE9B25482586E91F00532B22 /* Assets.xcassets in Resources */,
				FE9B25462586E91D00532B22 /* Main.storyboard in Resources */,
			);
			runOnlyForDeploymentPostprocessing = 0;
		};
		FE9B254F2586E91F00532B22 /* Resources */ = {
			isa = PBXResourcesBuildPhase;
			buildActionMask = 2147483647;
			files = (
			);
			runOnlyForDeploymentPostprocessing = 0;
		};
		FE9B255A2586E92000532B22 /* Resources */ = {
			isa = PBXResourcesBuildPhase;
			buildActionMask = 2147483647;
			files = (
			);
			runOnlyForDeploymentPostprocessing = 0;
		};
/* End PBXResourcesBuildPhase section */

/* Begin PBXSourcesBuildPhase section */
		FE9B25372586E91D00532B22 /* Sources */ = {
			isa = PBXSourcesBuildPhase;
			buildActionMask = 2147483647;
			files = (
				FE682AAC2672902C00C8B0C6 /* Constant.swift in Sources */,
				FE9B25772586E99300532B22 /* Employee.swift in Sources */,
				FE9B253F2586E91D00532B22 /* AppDelegate.swift in Sources */,
				FE9B257F2586E9AB00532B22 /* EmployeeViewModel.swift in Sources */,
				FE9B258F2586F19300532B22 /* EmployeeTableViewController.swift in Sources */,
				FE9B25872586E9CD00532B22 /* APIService.swift in Sources */,
				FE9B25412586E91D00532B22 /* SceneDelegate.swift in Sources */,
			);
			runOnlyForDeploymentPostprocessing = 0;
		};
		FE9B254D2586E91F00532B22 /* Sources */ = {
			isa = PBXSourcesBuildPhase;
			buildActionMask = 2147483647;
			files = (
				FE9B25562586E91F00532B22 /* MVVM_APITests.swift in Sources */,
			);
			runOnlyForDeploymentPostprocessing = 0;
		};
		FE9B25582586E92000532B22 /* Sources */ = {
			isa = PBXSourcesBuildPhase;
			buildActionMask = 2147483647;
			files = (
				FE9B25612586E92000532B22 /* MVVM_APIUITests.swift in Sources */,
			);
			runOnlyForDeploymentPostprocessing = 0;
		};
/* End PBXSourcesBuildPhase section */

/* Begin PBXTargetDependency section */
		FE9B25532586E91F00532B22 /* PBXTargetDependency */ = {
			isa = PBXTargetDependency;
			target = FE9B253A2586E91D00532B22 /* MVVM-API */;
			targetProxy = FE9B25522586E91F00532B22 /* PBXContainerItemProxy */;
		};
		FE9B255E2586E92000532B22 /* PBXTargetDependency */ = {
			isa = PBXTargetDependency;
			target = FE9B253A2586E91D00532B22 /* MVVM-API */;
			targetProxy = FE9B255D2586E92000532B22 /* PBXContainerItemProxy */;
		};
/* End PBXTargetDependency section */

/* Begin PBXVariantGroup section */
		FE9B25442586E91D00532B22 /* Main.storyboard */ = {
			isa = PBXVariantGroup;
			children = (
				FE9B25452586E91D00532B22 /* Base */,
			);
			name = Main.storyboard;
			sourceTree = "<group>";
		};
		FE9B25492586E91F00532B22 /* LaunchScreen.storyboard */ = {
			isa = PBXVariantGroup;
			children = (
				FE9B254A2586E91F00532B22 /* Base */,
			);
			name = LaunchScreen.storyboard;
			sourceTree = "<group>";
		};
/* End PBXVariantGroup section */

/* Begin XCBuildConfiguration section */
		FE9B25632586E92000532B22 /* Debug */ = {
			isa = XCBuildConfiguration;
			buildSettings = {
				ALWAYS_SEARCH_USER_PATHS = NO;
				CLANG_ANALYZER_NONNULL = YES;
				CLANG_ANALYZER_NUMBER_OBJECT_CONVERSION = YES_AGGRESSIVE;
				CLANG_CXX_LANGUAGE_STANDARD = "gnu++14";
				CLANG_CXX_LIBRARY = "libc++";
				CLANG_ENABLE_MODULES = YES;
				CLANG_ENABLE_OBJC_ARC = YES;
				CLANG_ENABLE_OBJC_WEAK = YES;
				CLANG_WARN_BLOCK_CAPTURE_AUTORELEASING = YES;
				CLANG_WARN_BOOL_CONVERSION = YES;
				CLANG_WARN_COMMA = YES;
				CLANG_WARN_CONSTANT_CONVERSION = YES;
				CLANG_WARN_DEPRECATED_OBJC_IMPLEMENTATIONS = YES;
				CLANG_WARN_DIRECT_OBJC_ISA_USAGE = YES_ERROR;
				CLANG_WARN_DOCUMENTATION_COMMENTS = YES;
				CLANG_WARN_EMPTY_BODY = YES;
				CLANG_WARN_ENUM_CONVERSION = YES;
				CLANG_WARN_INFINITE_RECURSION = YES;
				CLANG_WARN_INT_CONVERSION = YES;
				CLANG_WARN_NON_LITERAL_NULL_CONVERSION = YES;
				CLANG_WARN_OBJC_IMPLICIT_RETAIN_SELF = YES;
				CLANG_WARN_OBJC_LITERAL_CONVERSION = YES;
				CLANG_WARN_OBJC_ROOT_CLASS = YES_ERROR;
				CLANG_WARN_QUOTED_INCLUDE_IN_FRAMEWORK_HEADER = YES;
				CLANG_WARN_RANGE_LOOP_ANALYSIS = YES;
				CLANG_WARN_STRICT_PROTOTYPES = YES;
				CLANG_WARN_SUSPICIOUS_MOVE = YES;
				CLANG_WARN_UNGUARDED_AVAILABILITY = YES_AGGRESSIVE;
				CLANG_WARN_UNREACHABLE_CODE = YES;
				CLANG_WARN__DUPLICATE_METHOD_MATCH = YES;
				COPY_PHASE_STRIP = NO;
				DEBUG_INFORMATION_FORMAT = dwarf;
				ENABLE_STRICT_OBJC_MSGSEND = YES;
				ENABLE_TESTABILITY = YES;
				GCC_C_LANGUAGE_STANDARD = gnu11;
				GCC_DYNAMIC_NO_PIC = NO;
				GCC_NO_COMMON_BLOCKS = YES;
				GCC_OPTIMIZATION_LEVEL = 0;
				GCC_PREPROCESSOR_DEFINITIONS = (
					"DEBUG=1",
					"$(inherited)",
				);
				GCC_WARN_64_TO_32_BIT_CONVERSION = YES;
				GCC_WARN_ABOUT_RETURN_TYPE = YES_ERROR;
				GCC_WARN_UNDECLARED_SELECTOR = YES;
				GCC_WARN_UNINITIALIZED_AUTOS = YES_AGGRESSIVE;
				GCC_WARN_UNUSED_FUNCTION = YES;
				GCC_WARN_UNUSED_VARIABLE = YES;
				IPHONEOS_DEPLOYMENT_TARGET = 14.2;
				MTL_ENABLE_DEBUG_INFO = INCLUDE_SOURCE;
				MTL_FAST_MATH = YES;
				ONLY_ACTIVE_ARCH = YES;
				SDKROOT = iphoneos;
				SWIFT_ACTIVE_COMPILATION_CONDITIONS = DEBUG;
				SWIFT_OPTIMIZATION_LEVEL = "-Onone";
			};
			name = Debug;
		};
		FE9B25642586E92000532B22 /* Release */ = {
			isa = XCBuildConfiguration;
			buildSettings = {
				ALWAYS_SEARCH_USER_PATHS = NO;
				CLANG_ANALYZER_NONNULL = YES;
				CLANG_ANALYZER_NUMBER_OBJECT_CONVERSION = YES_AGGRESSIVE;
				CLANG_CXX_LANGUAGE_STANDARD = "gnu++14";
				CLANG_CXX_LIBRARY = "libc++";
				CLANG_ENABLE_MODULES = YES;
				CLANG_ENABLE_OBJC_ARC = YES;
				CLANG_ENABLE_OBJC_WEAK = YES;
				CLANG_WARN_BLOCK_CAPTURE_AUTORELEASING = YES;
				CLANG_WARN_BOOL_CONVERSION = YES;
				CLANG_WARN_COMMA = YES;
				CLANG_WARN_CONSTANT_CONVERSION = YES;
				CLANG_WARN_DEPRECATED_OBJC_IMPLEMENTATIONS = YES;
				CLANG_WARN_DIRECT_OBJC_ISA_USAGE = YES_ERROR;
				CLANG_WARN_DOCUMENTATION_COMMENTS = YES;
				CLANG_WARN_EMPTY_BODY = YES;
				CLANG_WARN_ENUM_CONVERSION = YES;
				CLANG_WARN_INFINITE_RECURSION = YES;
				CLANG_WARN_INT_CONVERSION = YES;
				CLANG_WARN_NON_LITERAL_NULL_CONVERSION = YES;
				CLANG_WARN_OBJC_IMPLICIT_RETAIN_SELF = YES;
				CLANG_WARN_OBJC_LITERAL_CONVERSION = YES;
				CLANG_WARN_OBJC_ROOT_CLASS = YES_ERROR;
				CLANG_WARN_QUOTED_INCLUDE_IN_FRAMEWORK_HEADER = YES;
				CLANG_WARN_RANGE_LOOP_ANALYSIS = YES;
				CLANG_WARN_STRICT_PROTOTYPES = YES;
				CLANG_WARN_SUSPICIOUS_MOVE = YES;
				CLANG_WARN_UNGUARDED_AVAILABILITY = YES_AGGRESSIVE;
				CLANG_WARN_UNREACHABLE_CODE = YES;
				CLANG_WARN__DUPLICATE_METHOD_MATCH = YES;
				COPY_PHASE_STRIP = NO;
				DEBUG_INFORMATION_FORMAT = "dwarf-with-dsym";
				ENABLE_NS_ASSERTIONS = NO;
				ENABLE_STRICT_OBJC_MSGSEND = YES;
				GCC_C_LANGUAGE_STANDARD = gnu11;
				GCC_NO_COMMON_BLOCKS = YES;
				GCC_WARN_64_TO_32_BIT_CONVERSION = YES;
				GCC_WARN_ABOUT_RETURN_TYPE = YES_ERROR;
				GCC_WARN_UNDECLARED_SELECTOR = YES;
				GCC_WARN_UNINITIALIZED_AUTOS = YES_AGGRESSIVE;
				GCC_WARN_UNUSED_FUNCTION = YES;
				GCC_WARN_UNUSED_VARIABLE = YES;
				IPHONEOS_DEPLOYMENT_TARGET = 14.2;
				MTL_ENABLE_DEBUG_INFO = NO;
				MTL_FAST_MATH = YES;
				SDKROOT = iphoneos;
				SWIFT_COMPILATION_MODE = wholemodule;
				SWIFT_OPTIMIZATION_LEVEL = "-O";
				VALIDATE_PRODUCT = YES;
			};
			name = Release;
		};
		FE9B25662586E92000532B22 /* Debug */ = {
			isa = XCBuildConfiguration;
			buildSettings = {
				ASSETCATALOG_COMPILER_APPICON_NAME = AppIcon;
				ASSETCATALOG_COMPILER_GLOBAL_ACCENT_COLOR_NAME = AccentColor;
				CODE_SIGN_STYLE = Automatic;
				DEVELOPMENT_TEAM = NJVB322UA6;
				INFOPLIST_FILE = "MVVM-API/Info.plist";
				LD_RUNPATH_SEARCH_PATHS = (
					"$(inherited)",
					"@executable_path/Frameworks",
				);
				PRODUCT_BUNDLE_IDENTIFIER = "com.prashuk.MVVM-API";
				PRODUCT_NAME = "$(TARGET_NAME)";
				SWIFT_VERSION = 5.0;
				TARGETED_DEVICE_FAMILY = "1,2";
			};
			name = Debug;
		};
		FE9B25672586E92000532B22 /* Release */ = {
			isa = XCBuildConfiguration;
			buildSettings = {
				ASSETCATALOG_COMPILER_APPICON_NAME = AppIcon;
				ASSETCATALOG_COMPILER_GLOBAL_ACCENT_COLOR_NAME = AccentColor;
				CODE_SIGN_STYLE = Automatic;
				DEVELOPMENT_TEAM = NJVB322UA6;
				INFOPLIST_FILE = "MVVM-API/Info.plist";
				LD_RUNPATH_SEARCH_PATHS = (
					"$(inherited)",
					"@executable_path/Frameworks",
				);
				PRODUCT_BUNDLE_IDENTIFIER = "com.prashuk.MVVM-API";
				PRODUCT_NAME = "$(TARGET_NAME)";
				SWIFT_VERSION = 5.0;
				TARGETED_DEVICE_FAMILY = "1,2";
			};
			name = Release;
		};
		FE9B25692586E92000532B22 /* Debug */ = {
			isa = XCBuildConfiguration;
			buildSettings = {
				ALWAYS_EMBED_SWIFT_STANDARD_LIBRARIES = YES;
				BUNDLE_LOADER = "$(TEST_HOST)";
				CODE_SIGN_STYLE = Automatic;
				DEVELOPMENT_TEAM = NJVB322UA6;
				INFOPLIST_FILE = "MVVM-APITests/Info.plist";
				IPHONEOS_DEPLOYMENT_TARGET = 14.2;
				LD_RUNPATH_SEARCH_PATHS = (
					"$(inherited)",
					"@executable_path/Frameworks",
					"@loader_path/Frameworks",
				);
				PRODUCT_BUNDLE_IDENTIFIER = "com.prashuk.MVVM-APITests";
				PRODUCT_NAME = "$(TARGET_NAME)";
				SWIFT_VERSION = 5.0;
				TARGETED_DEVICE_FAMILY = "1,2";
				TEST_HOST = "$(BUILT_PRODUCTS_DIR)/MVVM-API.app/MVVM-API";
			};
			name = Debug;
		};
		FE9B256A2586E92000532B22 /* Release */ = {
			isa = XCBuildConfiguration;
			buildSettings = {
				ALWAYS_EMBED_SWIFT_STANDARD_LIBRARIES = YES;
				BUNDLE_LOADER = "$(TEST_HOST)";
				CODE_SIGN_STYLE = Automatic;
				DEVELOPMENT_TEAM = NJVB322UA6;
				INFOPLIST_FILE = "MVVM-APITests/Info.plist";
				IPHONEOS_DEPLOYMENT_TARGET = 14.2;
				LD_RUNPATH_SEARCH_PATHS = (
					"$(inherited)",
					"@executable_path/Frameworks",
					"@loader_path/Frameworks",
				);
				PRODUCT_BUNDLE_IDENTIFIER = "com.prashuk.MVVM-APITests";
				PRODUCT_NAME = "$(TARGET_NAME)";
				SWIFT_VERSION = 5.0;
				TARGETED_DEVICE_FAMILY = "1,2";
				TEST_HOST = "$(BUILT_PRODUCTS_DIR)/MVVM-API.app/MVVM-API";
			};
			name = Release;
		};
		FE9B256C2586E92000532B22 /* Debug */ = {
			isa = XCBuildConfiguration;
			buildSettings = {
				ALWAYS_EMBED_SWIFT_STANDARD_LIBRARIES = YES;
				CODE_SIGN_STYLE = Automatic;
				DEVELOPMENT_TEAM = NJVB322UA6;
				INFOPLIST_FILE = "MVVM-APIUITests/Info.plist";
				LD_RUNPATH_SEARCH_PATHS = (
					"$(inherited)",
					"@executable_path/Frameworks",
					"@loader_path/Frameworks",
				);
				PRODUCT_BUNDLE_IDENTIFIER = "com.prashuk.MVVM-APIUITests";
				PRODUCT_NAME = "$(TARGET_NAME)";
				SWIFT_VERSION = 5.0;
				TARGETED_DEVICE_FAMILY = "1,2";
				TEST_TARGET_NAME = "MVVM-API";
			};
			name = Debug;
		};
		FE9B256D2586E92000532B22 /* Release */ = {
			isa = XCBuildConfiguration;
			buildSettings = {
				ALWAYS_EMBED_SWIFT_STANDARD_LIBRARIES = YES;
				CODE_SIGN_STYLE = Automatic;
				DEVELOPMENT_TEAM = NJVB322UA6;
				INFOPLIST_FILE = "MVVM-APIUITests/Info.plist";
				LD_RUNPATH_SEARCH_PATHS = (
					"$(inherited)",
					"@executable_path/Frameworks",
					"@loader_path/Frameworks",
				);
				PRODUCT_BUNDLE_IDENTIFIER = "com.prashuk.MVVM-APIUITests";
				PRODUCT_NAME = "$(TARGET_NAME)";
				SWIFT_VERSION = 5.0;
				TARGETED_DEVICE_FAMILY = "1,2";
				TEST_TARGET_NAME = "MVVM-API";
			};
			name = Release;
		};
/* End XCBuildConfiguration section */

/* Begin XCConfigurationList section */
		FE9B25362586E91D00532B22 /* Build configuration list for PBXProject "MVVM-API" */ = {
			isa = XCConfigurationList;
			buildConfigurations = (
				FE9B25632586E92000532B22 /* Debug */,
				FE9B25642586E92000532B22 /* Release */,
			);
			defaultConfigurationIsVisible = 0;
			defaultConfigurationName = Release;
		};
		FE9B25652586E92000532B22 /* Build configuration list for PBXNativeTarget "MVVM-API" */ = {
			isa = XCConfigurationList;
			buildConfigurations = (
				FE9B25662586E92000532B22 /* Debug */,
				FE9B25672586E92000532B22 /* Release */,
			);
			defaultConfigurationIsVisible = 0;
			defaultConfigurationName = Release;
		};
		FE9B25682586E92000532B22 /* Build configuration list for PBXNativeTarget "MVVM-APITests" */ = {
			isa = XCConfigurationList;
			buildConfigurations = (
				FE9B25692586E92000532B22 /* Debug */,
				FE9B256A2586E92000532B22 /* Release */,
			);
			defaultConfigurationIsVisible = 0;
			defaultConfigurationName = Release;
		};
		FE9B256B2586E92000532B22 /* Build configuration list for PBXNativeTarget "MVVM-APIUITests" */ = {
			isa = XCConfigurationList;
			buildConfigurations = (
				FE9B256C2586E92000532B22 /* Debug */,
				FE9B256D2586E92000532B22 /* Release */,
			);
			defaultConfigurationIsVisible = 0;
			defaultConfigurationName = Release;
		};
/* End XCConfigurationList section */
	};
	rootObject = FE9B25332586E91D00532B22 /* Project object */;
}
