// !$*UTF8*$!
{
	archiveVersion = 1;
	classes = {
	};
	objectVersion = 50;
	objects = {

/* Begin PBXBuildFile section */
		FE4B75F0256CBD6E00744A41 /* AppDelegate.swift in Sources */ = {isa = PBXBuildFile; fileRef = FE4B75EF256CBD6E00744A41 /* AppDelegate.swift */; };
		FE4B75F2256CBD6E00744A41 /* SceneDelegate.swift in Sources */ = {isa = PBXBuildFile; fileRef = FE4B75F1256CBD6E00744A41 /* SceneDelegate.swift */; };
		FE4B75F4256CBD6E00744A41 /* ViewController.swift in Sources */ = {isa = PBXBuildFile; fileRef = FE4B75F3256CBD6E00744A41 /* ViewController.swift */; };
		FE4B75F7256CBD6E00744A41 /* Main.storyboard in Resources */ = {isa = PBXBuildFile; fileRef = FE4B75F5256CBD6E00744A41 /* Main.storyboard */; };
		FE4B75F9256CBD6F00744A41 /* Assets.xcassets in Resources */ = {isa = PBXBuildFile; fileRef = FE4B75F8256CBD6F00744A41 /* Assets.xcassets */; };
		FE4B75FC256CBD6F00744A41 /* LaunchScreen.storyboard in Resources */ = {isa = PBXBuildFile; fileRef = FE4B75FA256CBD6F00744A41 /* LaunchScreen.storyboard */; };
/* End PBXBuildFile section */

/* Begin PBXFileReference section */
		FE4B75EC256CBD6E00744A41 /* ViewAppLifeCycle.app */ = {isa = PBXFileReference; explicitFileType = wrapper.application; includeInIndex = 0; path = ViewAppLifeCycle.app; sourceTree = BUILT_PRODUCTS_DIR; };
		FE4B75EF256CBD6E00744A41 /* AppDelegate.swift */ = {isa = PBXFileReference; lastKnownFileType = sourcecode.swift; path = AppDelegate.swift; sourceTree = "<group>"; };
		FE4B75F1256CBD6E00744A41 /* SceneDelegate.swift */ = {isa = PBXFileReference; lastKnownFileType = sourcecode.swift; path = SceneDelegate.swift; sourceTree = "<group>"; };
		FE4B75F3256CBD6E00744A41 /* ViewController.swift */ = {isa = PBXFileReference; lastKnownFileType = sourcecode.swift; path = ViewController.swift; sourceTree = "<group>"; };
		FE4B75F6256CBD6E00744A41 /* Base */ = {isa = PBXFileReference; lastKnownFileType = file.storyboard; name = Base; path = Base.lproj/Main.storyboard; sourceTree = "<group>"; };
		FE4B75F8256CBD6F00744A41 /* Assets.xcassets */ = {isa = PBXFileReference; lastKnownFileType = folder.assetcatalog; path = Assets.xcassets; sourceTree = "<group>"; };
		FE4B75FB256CBD6F00744A41 /* Base */ = {isa = PBXFileReference; lastKnownFileType = file.storyboard; name = Base; path = Base.lproj/LaunchScreen.storyboard; sourceTree = "<group>"; };
		FE4B75FD256CBD6F00744A41 /* Info.plist */ = {isa = PBXFileReference; lastKnownFileType = text.plist.xml; path = Info.plist; sourceTree = "<group>"; };
/* End PBXFileReference section */

/* Begin PBXFrameworksBuildPhase section */
		FE4B75E9256CBD6E00744A41 /* Frameworks */ = {
			isa = PBXFrameworksBuildPhase;
			buildActionMask = 2147483647;
			files = (
			);
			runOnlyForDeploymentPostprocessing = 0;
		};
/* End PBXFrameworksBuildPhase section */

/* Begin PBXGroup section */
		FE4B75E3256CBD6E00744A41 = {
			isa = PBXGroup;
			children = (
				FE4B75EE256CBD6E00744A41 /* ViewAppLifeCycle */,
				FE4B75ED256CBD6E00744A41 /* Products */,
			);
			sourceTree = "<group>";
		};
		FE4B75ED256CBD6E00744A41 /* Products */ = {
			isa = PBXGroup;
			children = (
				FE4B75EC256CBD6E00744A41 /* ViewAppLifeCycle.app */,
			);
			name = Products;
			sourceTree = "<group>";
		};
		FE4B75EE256CBD6E00744A41 /* ViewAppLifeCycle */ = {
			isa = PBXGroup;
			children = (
				FE4B75EF256CBD6E00744A41 /* AppDelegate.swift */,
				FE4B75F1256CBD6E00744A41 /* SceneDelegate.swift */,
				FE4B75F3256CBD6E00744A41 /* ViewController.swift */,
				FE4B75F5256CBD6E00744A41 /* Main.storyboard */,
				FE4B75F8256CBD6F00744A41 /* Assets.xcassets */,
				FE4B75FA256CBD6F00744A41 /* LaunchScreen.storyboard */,
				FE4B75FD256CBD6F00744A41 /* Info.plist */,
			);
			path = ViewAppLifeCycle;
			sourceTree = "<group>";
		};
/* End PBXGroup section */

/* Begin PBXNativeTarget section */
		FE4B75EB256CBD6E00744A41 /* ViewAppLifeCycle */ = {
			isa = PBXNativeTarget;
			buildConfigurationList = FE4B7600256CBD6F00744A41 /* Build configuration list for PBXNativeTarget "ViewAppLifeCycle" */;
			buildPhases = (
				FE4B75E8256CBD6E00744A41 /* Sources */,
				FE4B75E9256CBD6E00744A41 /* Frameworks */,
				FE4B75EA256CBD6E00744A41 /* Resources */,
			);
			buildRules = (
			);
			dependencies = (
			);
			name = ViewAppLifeCycle;
			productName = ViewAppLifeCycle;
			productReference = FE4B75EC256CBD6E00744A41 /* ViewAppLifeCycle.app */;
			productType = "com.apple.product-type.application";
		};
/* End PBXNativeTarget section */

/* Begin PBXProject section */
		FE4B75E4256CBD6E00744A41 /* Project object */ = {
			isa = PBXProject;
			attributes = {
				LastSwiftUpdateCheck = 1220;
				LastUpgradeCheck = 1220;
				TargetAttributes = {
					FE4B75EB256CBD6E00744A41 = {
						CreatedOnToolsVersion = 12.2;
					};
				};
			};
			buildConfigurationList = FE4B75E7256CBD6E00744A41 /* Build configuration list for PBXProject "ViewAppLifeCycle" */;
			compatibilityVersion = "Xcode 9.3";
			developmentRegion = en;
			hasScannedForEncodings = 0;
			knownRegions = (
				en,
				Base,
			);
			mainGroup = FE4B75E3256CBD6E00744A41;
			productRefGroup = FE4B75ED256CBD6E00744A41 /* Products */;
			projectDirPath = "";
			projectRoot = "";
			targets = (
				FE4B75EB256CBD6E00744A41 /* ViewAppLifeCycle */,
			);
		};
/* End PBXProject section */

/* Begin PBXResourcesBuildPhase section */
		FE4B75EA256CBD6E00744A41 /* Resources */ = {
			isa = PBXResourcesBuildPhase;
			buildActionMask = 2147483647;
			files = (
				FE4B75FC256CBD6F00744A41 /* LaunchScreen.storyboard in Resources */,
				FE4B75F9256CBD6F00744A41 /* Assets.xcassets in Resources */,
				FE4B75F7256CBD6E00744A41 /* Main.storyboard in Resources */,
			);
			runOnlyForDeploymentPostprocessing = 0;
		};
/* End PBXResourcesBuildPhase section */

/* Begin PBXSourcesBuildPhase section */
		FE4B75E8256CBD6E00744A41 /* Sources */ = {
			isa = PBXSourcesBuildPhase;
			buildActionMask = 2147483647;
			files = (
				FE4B75F4256CBD6E00744A41 /* ViewController.swift in Sources */,
				FE4B75F0256CBD6E00744A41 /* AppDelegate.swift in Sources */,
				FE4B75F2256CBD6E00744A41 /* SceneDelegate.swift in Sources */,
			);
			runOnlyForDeploymentPostprocessing = 0;
		};
/* End PBXSourcesBuildPhase section */

/* Begin PBXVariantGroup section */
		FE4B75F5256CBD6E00744A41 /* Main.storyboard */ = {
			isa = PBXVariantGroup;
			children = (
				FE4B75F6256CBD6E00744A41 /* Base */,
			);
			name = Main.storyboard;
			sourceTree = "<group>";
		};
		FE4B75FA256CBD6F00744A41 /* LaunchScreen.storyboard */ = {
			isa = PBXVariantGroup;
			children = (
				FE4B75FB256CBD6F00744A41 /* Base */,
			);
			name = LaunchScreen.storyboard;
			sourceTree = "<group>";
		};
/* End PBXVariantGroup section */

/* Begin XCBuildConfiguration section */
		FE4B75FE256CBD6F00744A41 /* Debug */ = {
			isa = XCBuildConfiguration;
			buildSettings = {
				ALWAYS_SEARCH_USER_PATHS = NO;
				CLANG_ANALYZER_NONNULL = YES;
				CLANG_ANALYZER_NUMBER_OBJECT_CONVERSION = YES_AGGRESSIVE;
				CLANG_CXX_LANGUAGE_STANDARD = "gnu++14";
				CLANG_CXX_LIBRARY = "libc++";
				CLANG_ENABLE_MODULES = YES;
				CLANG_ENABLE_OBJC_ARC = YES;
				CLANG_ENABLE_OBJC_WEAK = YES;
				CLANG_WARN_BLOCK_CAPTURE_AUTORELEASING = YES;
				CLANG_WARN_BOOL_CONVERSION = YES;
				CLANG_WARN_COMMA = YES;
				CLANG_WARN_CONSTANT_CONVERSION = YES;
				CLANG_WARN_DEPRECATED_OBJC_IMPLEMENTATIONS = YES;
				CLANG_WARN_DIRECT_OBJC_ISA_USAGE = YES_ERROR;
				CLANG_WARN_DOCUMENTATION_COMMENTS = YES;
				CLANG_WARN_EMPTY_BODY = YES;
				CLANG_WARN_ENUM_CONVERSION = YES;
				CLANG_WARN_INFINITE_RECURSION = YES;
				CLANG_WARN_INT_CONVERSION = YES;
				CLANG_WARN_NON_LITERAL_NULL_CONVERSION = YES;
				CLANG_WARN_OBJC_IMPLICIT_RETAIN_SELF = YES;
				CLANG_WARN_OBJC_LITERAL_CONVERSION = YES;
				CLANG_WARN_OBJC_ROOT_CLASS = YES_ERROR;
				CLANG_WARN_QUOTED_INCLUDE_IN_FRAMEWORK_HEADER = YES;
				CLANG_WARN_RANGE_LOOP_ANALYSIS = YES;
				CLANG_WARN_STRICT_PROTOTYPES = YES;
				CLANG_WARN_SUSPICIOUS_MOVE = YES;
				CLANG_WARN_UNGUARDED_AVAILABILITY = YES_AGGRESSIVE;
				CLANG_WARN_UNREACHABLE_CODE = YES;
				CLANG_WARN__DUPLICATE_METHOD_MATCH = YES;
				COPY_PHASE_STRIP = NO;
				DEBUG_INFORMATION_FORMAT = dwarf;
				ENABLE_STRICT_OBJC_MSGSEND = YES;
				ENABLE_TESTABILITY = YES;
				GCC_C_LANGUAGE_STANDARD = gnu11;
				GCC_DYNAMIC_NO_PIC = NO;
				GCC_NO_COMMON_BLOCKS = YES;
				GCC_OPTIMIZATION_LEVEL = 0;
				GCC_PREPROCESSOR_DEFINITIONS = (
					"DEBUG=1",
					"$(inherited)",
				);
				GCC_WARN_64_TO_32_BIT_CONVERSION = YES;
				GCC_WARN_ABOUT_RETURN_TYPE = YES_ERROR;
				GCC_WARN_UNDECLARED_SELECTOR = YES;
				GCC_WARN_UNINITIALIZED_AUTOS = YES_AGGRESSIVE;
				GCC_WARN_UNUSED_FUNCTION = YES;
				GCC_WARN_UNUSED_VARIABLE = YES;
				IPHONEOS_DEPLOYMENT_TARGET = 14.2;
				MTL_ENABLE_DEBUG_INFO = INCLUDE_SOURCE;
				MTL_FAST_MATH = YES;
				ONLY_ACTIVE_ARCH = YES;
				SDKROOT = iphoneos;
				SWIFT_ACTIVE_COMPILATION_CONDITIONS = DEBUG;
				SWIFT_OPTIMIZATION_LEVEL = "-Onone";
			};
			name = Debug;
		};
		FE4B75FF256CBD6F00744A41 /* Release */ = {
			isa = XCBuildConfiguration;
			buildSettings = {
				ALWAYS_SEARCH_USER_PATHS = NO;
				CLANG_ANALYZER_NONNULL = YES;
				CLANG_ANALYZER_NUMBER_OBJECT_CONVERSION = YES_AGGRESSIVE;
				CLANG_CXX_LANGUAGE_STANDARD = "gnu++14";
				CLANG_CXX_LIBRARY = "libc++";
				CLANG_ENABLE_MODULES = YES;
				CLANG_ENABLE_OBJC_ARC = YES;
				CLANG_ENABLE_OBJC_WEAK = YES;
				CLANG_WARN_BLOCK_CAPTURE_AUTORELEASING = YES;
				CLANG_WARN_BOOL_CONVERSION = YES;
				CLANG_WARN_COMMA = YES;
				CLANG_WARN_CONSTANT_CONVERSION = YES;
				CLANG_WARN_DEPRECATED_OBJC_IMPLEMENTATIONS = YES;
				CLANG_WARN_DIRECT_OBJC_ISA_USAGE = YES_ERROR;
				CLANG_WARN_DOCUMENTATION_COMMENTS = YES;
				CLANG_WARN_EMPTY_BODY = YES;
				CLANG_WARN_ENUM_CONVERSION = YES;
				CLANG_WARN_INFINITE_RECURSION = YES;
				CLANG_WARN_INT_CONVERSION = YES;
				CLANG_WARN_NON_LITERAL_NULL_CONVERSION = YES;
				CLANG_WARN_OBJC_IMPLICIT_RETAIN_SELF = YES;
				CLANG_WARN_OBJC_LITERAL_CONVERSION = YES;
				CLANG_WARN_OBJC_ROOT_CLASS = YES_ERROR;
				CLANG_WARN_QUOTED_INCLUDE_IN_FRAMEWORK_HEADER = YES;
				CLANG_WARN_RANGE_LOOP_ANALYSIS = YES;
				CLANG_WARN_STRICT_PROTOTYPES = YES;
				CLANG_WARN_SUSPICIOUS_MOVE = YES;
				CLANG_WARN_UNGUARDED_AVAILABILITY = YES_AGGRESSIVE;
				CLANG_WARN_UNREACHABLE_CODE = YES;
				CLANG_WARN__DUPLICATE_METHOD_MATCH = YES;
				COPY_PHASE_STRIP = NO;
				DEBUG_INFORMATION_FORMAT = "dwarf-with-dsym";
				ENABLE_NS_ASSERTIONS = NO;
				ENABLE_STRICT_OBJC_MSGSEND = YES;
				GCC_C_LANGUAGE_STANDARD = gnu11;
				GCC_NO_COMMON_BLOCKS = YES;
				GCC_WARN_64_TO_32_BIT_CONVERSION = YES;
				GCC_WARN_ABOUT_RETURN_TYPE = YES_ERROR;
				GCC_WARN_UNDECLARED_SELECTOR = YES;
				GCC_WARN_UNINITIALIZED_AUTOS = YES_AGGRESSIVE;
				GCC_WARN_UNUSED_FUNCTION = YES;
				GCC_WARN_UNUSED_VARIABLE = YES;
				IPHONEOS_DEPLOYMENT_TARGET = 14.2;
				MTL_ENABLE_DEBUG_INFO = NO;
				MTL_FAST_MATH = YES;
				SDKROOT = iphoneos;
				SWIFT_COMPILATION_MODE = wholemodule;
				SWIFT_OPTIMIZATION_LEVEL = "-O";
				VALIDATE_PRODUCT = YES;
			};
			name = Release;
		};
		FE4B7601256CBD6F00744A41 /* Debug */ = {
			isa = XCBuildConfiguration;
			buildSettings = {
				ASSETCATALOG_COMPILER_APPICON_NAME = AppIcon;
				ASSETCATALOG_COMPILER_GLOBAL_ACCENT_COLOR_NAME = AccentColor;
				CODE_SIGN_STYLE = Automatic;
				DEVELOPMENT_TEAM = NJVB322UA6;
				INFOPLIST_FILE = ViewAppLifeCycle/Info.plist;
				LD_RUNPATH_SEARCH_PATHS = (
					"$(inherited)",
					"@executable_path/Frameworks",
				);
				PRODUCT_BUNDLE_IDENTIFIER = com.prashuk.ViewAppLifeCycle;
				PRODUCT_NAME = "$(TARGET_NAME)";
				SWIFT_VERSION = 5.0;
				TARGETED_DEVICE_FAMILY = "1,2";
			};
			name = Debug;
		};
		FE4B7602256CBD6F00744A41 /* Release */ = {
			isa = XCBuildConfiguration;
			buildSettings = {
				ASSETCATALOG_COMPILER_APPICON_NAME = AppIcon;
				ASSETCATALOG_COMPILER_GLOBAL_ACCENT_COLOR_NAME = AccentColor;
				CODE_SIGN_STYLE = Automatic;
				DEVELOPMENT_TEAM = NJVB322UA6;
				INFOPLIST_FILE = ViewAppLifeCycle/Info.plist;
				LD_RUNPATH_SEARCH_PATHS = (
					"$(inherited)",
					"@executable_path/Frameworks",
				);
				PRODUCT_BUNDLE_IDENTIFIER = com.prashuk.ViewAppLifeCycle;
				PRODUCT_NAME = "$(TARGET_NAME)";
				SWIFT_VERSION = 5.0;
				TARGETED_DEVICE_FAMILY = "1,2";
			};
			name = Release;
		};
/* End XCBuildConfiguration section */

/* Begin XCConfigurationList section */
		FE4B75E7256CBD6E00744A41 /* Build configuration list for PBXProject "ViewAppLifeCycle" */ = {
			isa = XCConfigurationList;
			buildConfigurations = (
				FE4B75FE256CBD6F00744A41 /* Debug */,
				FE4B75FF256CBD6F00744A41 /* Release */,
			);
			defaultConfigurationIsVisible = 0;
			defaultConfigurationName = Release;
		};
		FE4B7600256CBD6F00744A41 /* Build configuration list for PBXNativeTarget "ViewAppLifeCycle" */ = {
			isa = XCConfigurationList;
			buildConfigurations = (
				FE4B7601256CBD6F00744A41 /* Debug */,
				FE4B7602256CBD6F00744A41 /* Release */,
			);
			defaultConfigurationIsVisible = 0;
			defaultConfigurationName = Release;
		};
/* End XCConfigurationList section */
	};
	rootObject = FE4B75E4256CBD6E00744A41 /* Project object */;
}
