// !$*UTF8*$!
{
	archiveVersion = 1;
	classes = {
	};
	objectVersion = 50;
	objects = {

/* Begin PBXBuildFile section */
		FE11D69A256C8D1300D18A72 /* Person+CoreDataClass.swift in Sources */ = {isa = PBXBuildFile; fileRef = FE11D696256C8D1300D18A72 /* Person+CoreDataClass.swift */; };
		FE11D69B256C8D1300D18A72 /* Person+CoreDataProperties.swift in Sources */ = {isa = PBXBuildFile; fileRef = FE11D697256C8D1300D18A72 /* Person+CoreDataProperties.swift */; };
		FE11D69C256C8D1300D18A72 /* Family+CoreDataClass.swift in Sources */ = {isa = PBXBuildFile; fileRef = FE11D698256C8D1300D18A72 /* Family+CoreDataClass.swift */; };
		FE11D69D256C8D1300D18A72 /* Family+CoreDataProperties.swift in Sources */ = {isa = PBXBuildFile; fileRef = FE11D699256C8D1300D18A72 /* Family+CoreDataProperties.swift */; };
		FEE40E63256C23C200FDA5BF /* AppDelegate.swift in Sources */ = {isa = PBXBuildFile; fileRef = FEE40E62256C23C200FDA5BF /* AppDelegate.swift */; };
		FEE40E65256C23C200FDA5BF /* SceneDelegate.swift in Sources */ = {isa = PBXBuildFile; fileRef = FEE40E64256C23C200FDA5BF /* SceneDelegate.swift */; };
		FEE40E67256C23C200FDA5BF /* ViewController.swift in Sources */ = {isa = PBXBuildFile; fileRef = FEE40E66256C23C200FDA5BF /* ViewController.swift */; };
		FEE40E6A256C23C200FDA5BF /* Main.storyboard in Resources */ = {isa = PBXBuildFile; fileRef = FEE40E68256C23C200FDA5BF /* Main.storyboard */; };
		FEE40E6D256C23C200FDA5BF /* CoreDataTest.xcdatamodeld in Sources */ = {isa = PBXBuildFile; fileRef = FEE40E6B256C23C200FDA5BF /* CoreDataTest.xcdatamodeld */; };
		FEE40E6F256C23C300FDA5BF /* Assets.xcassets in Resources */ = {isa = PBXBuildFile; fileRef = FEE40E6E256C23C300FDA5BF /* Assets.xcassets */; };
		FEE40E72256C23C300FDA5BF /* LaunchScreen.storyboard in Resources */ = {isa = PBXBuildFile; fileRef = FEE40E70256C23C300FDA5BF /* LaunchScreen.storyboard */; };
/* End PBXBuildFile section */

/* Begin PBXFileReference section */
		FE11D696256C8D1300D18A72 /* Person+CoreDataClass.swift */ = {isa = PBXFileReference; lastKnownFileType = sourcecode.swift; path = "Person+CoreDataClass.swift"; sourceTree = "<group>"; };
		FE11D697256C8D1300D18A72 /* Person+CoreDataProperties.swift */ = {isa = PBXFileReference; lastKnownFileType = sourcecode.swift; path = "Person+CoreDataProperties.swift"; sourceTree = "<group>"; };
		FE11D698256C8D1300D18A72 /* Family+CoreDataClass.swift */ = {isa = PBXFileReference; lastKnownFileType = sourcecode.swift; path = "Family+CoreDataClass.swift"; sourceTree = "<group>"; };
		FE11D699256C8D1300D18A72 /* Family+CoreDataProperties.swift */ = {isa = PBXFileReference; lastKnownFileType = sourcecode.swift; path = "Family+CoreDataProperties.swift"; sourceTree = "<group>"; };
		FEE40E5F256C23C200FDA5BF /* CoreDataTest.app */ = {isa = PBXFileReference; explicitFileType = wrapper.application; includeInIndex = 0; path = CoreDataTest.app; sourceTree = BUILT_PRODUCTS_DIR; };
		FEE40E62256C23C200FDA5BF /* AppDelegate.swift */ = {isa = PBXFileReference; lastKnownFileType = sourcecode.swift; path = AppDelegate.swift; sourceTree = "<group>"; };
		FEE40E64256C23C200FDA5BF /* SceneDelegate.swift */ = {isa = PBXFileReference; lastKnownFileType = sourcecode.swift; path = SceneDelegate.swift; sourceTree = "<group>"; };
		FEE40E66256C23C200FDA5BF /* ViewController.swift */ = {isa = PBXFileReference; lastKnownFileType = sourcecode.swift; path = ViewController.swift; sourceTree = "<group>"; };
		FEE40E69256C23C200FDA5BF /* Base */ = {isa = PBXFileReference; lastKnownFileType = file.storyboard; name = Base; path = Base.lproj/Main.storyboard; sourceTree = "<group>"; };
		FEE40E6C256C23C200FDA5BF /* CoreDataTest.xcdatamodel */ = {isa = PBXFileReference; lastKnownFileType = wrapper.xcdatamodel; path = CoreDataTest.xcdatamodel; sourceTree = "<group>"; };
		FEE40E6E256C23C300FDA5BF /* Assets.xcassets */ = {isa = PBXFileReference; lastKnownFileType = folder.assetcatalog; path = Assets.xcassets; sourceTree = "<group>"; };
		FEE40E71256C23C300FDA5BF /* Base */ = {isa = PBXFileReference; lastKnownFileType = file.storyboard; name = Base; path = Base.lproj/LaunchScreen.storyboard; sourceTree = "<group>"; };
		FEE40E73256C23C300FDA5BF /* Info.plist */ = {isa = PBXFileReference; lastKnownFileType = text.plist.xml; path = Info.plist; sourceTree = "<group>"; };
/* End PBXFileReference section */

/* Begin PBXFrameworksBuildPhase section */
		FEE40E5C256C23C200FDA5BF /* Frameworks */ = {
			isa = PBXFrameworksBuildPhase;
			buildActionMask = 2147483647;
			files = (
			);
			runOnlyForDeploymentPostprocessing = 0;
		};
/* End PBXFrameworksBuildPhase section */

/* Begin PBXGroup section */
		FEE40E56256C23C200FDA5BF = {
			isa = PBXGroup;
			children = (
				FEE40E61256C23C200FDA5BF /* CoreDataTest */,
				FEE40E60256C23C200FDA5BF /* Products */,
			);
			sourceTree = "<group>";
		};
		FEE40E60256C23C200FDA5BF /* Products */ = {
			isa = PBXGroup;
			children = (
				FEE40E5F256C23C200FDA5BF /* CoreDataTest.app */,
			);
			name = Products;
			sourceTree = "<group>";
		};
		FEE40E61256C23C200FDA5BF /* CoreDataTest */ = {
			isa = PBXGroup;
			children = (
				FEE40E7F256C241200FDA5BF /* Model */,
				FEE40E62256C23C200FDA5BF /* AppDelegate.swift */,
				FEE40E64256C23C200FDA5BF /* SceneDelegate.swift */,
				FEE40E66256C23C200FDA5BF /* ViewController.swift */,
				FEE40E68256C23C200FDA5BF /* Main.storyboard */,
				FEE40E6E256C23C300FDA5BF /* Assets.xcassets */,
				FEE40E70256C23C300FDA5BF /* LaunchScreen.storyboard */,
				FEE40E73256C23C300FDA5BF /* Info.plist */,
				FEE40E6B256C23C200FDA5BF /* CoreDataTest.xcdatamodeld */,
			);
			path = CoreDataTest;
			sourceTree = "<group>";
		};
		FEE40E7F256C241200FDA5BF /* Model */ = {
			isa = PBXGroup;
			children = (
				FE11D696256C8D1300D18A72 /* Person+CoreDataClass.swift */,
				FE11D697256C8D1300D18A72 /* Person+CoreDataProperties.swift */,
				FE11D698256C8D1300D18A72 /* Family+CoreDataClass.swift */,
				FE11D699256C8D1300D18A72 /* Family+CoreDataProperties.swift */,
			);
			path = Model;
			sourceTree = "<group>";
		};
/* End PBXGroup section */

/* Begin PBXNativeTarget section */
		FEE40E5E256C23C200FDA5BF /* CoreDataTest */ = {
			isa = PBXNativeTarget;
			buildConfigurationList = FEE40E76256C23C300FDA5BF /* Build configuration list for PBXNativeTarget "CoreDataTest" */;
			buildPhases = (
				FEE40E5B256C23C200FDA5BF /* Sources */,
				FEE40E5C256C23C200FDA5BF /* Frameworks */,
				FEE40E5D256C23C200FDA5BF /* Resources */,
			);
			buildRules = (
			);
			dependencies = (
			);
			name = CoreDataTest;
			productName = CoreDataTest;
			productReference = FEE40E5F256C23C200FDA5BF /* CoreDataTest.app */;
			productType = "com.apple.product-type.application";
		};
/* End PBXNativeTarget section */

/* Begin PBXProject section */
		FEE40E57256C23C200FDA5BF /* Project object */ = {
			isa = PBXProject;
			attributes = {
				LastSwiftUpdateCheck = 1220;
				LastUpgradeCheck = 1220;
				TargetAttributes = {
					FEE40E5E256C23C200FDA5BF = {
						CreatedOnToolsVersion = 12.2;
					};
				};
			};
			buildConfigurationList = FEE40E5A256C23C200FDA5BF /* Build configuration list for PBXProject "CoreDataTest" */;
			compatibilityVersion = "Xcode 9.3";
			developmentRegion = en;
			hasScannedForEncodings = 0;
			knownRegions = (
				en,
				Base,
			);
			mainGroup = FEE40E56256C23C200FDA5BF;
			productRefGroup = FEE40E60256C23C200FDA5BF /* Products */;
			projectDirPath = "";
			projectRoot = "";
			targets = (
				FEE40E5E256C23C200FDA5BF /* CoreDataTest */,
			);
		};
/* End PBXProject section */

/* Begin PBXResourcesBuildPhase section */
		FEE40E5D256C23C200FDA5BF /* Resources */ = {
			isa = PBXResourcesBuildPhase;
			buildActionMask = 2147483647;
			files = (
				FEE40E72256C23C300FDA5BF /* LaunchScreen.storyboard in Resources */,
				FEE40E6F256C23C300FDA5BF /* Assets.xcassets in Resources */,
				FEE40E6A256C23C200FDA5BF /* Main.storyboard in Resources */,
			);
			runOnlyForDeploymentPostprocessing = 0;
		};
/* End PBXResourcesBuildPhase section */

/* Begin PBXSourcesBuildPhase section */
		FEE40E5B256C23C200FDA5BF /* Sources */ = {
			isa = PBXSourcesBuildPhase;
			buildActionMask = 2147483647;
			files = (
				FEE40E6D256C23C200FDA5BF /* CoreDataTest.xcdatamodeld in Sources */,
				FEE40E67256C23C200FDA5BF /* ViewController.swift in Sources */,
				FE11D69C256C8D1300D18A72 /* Family+CoreDataClass.swift in Sources */,
				FE11D69B256C8D1300D18A72 /* Person+CoreDataProperties.swift in Sources */,
				FE11D69A256C8D1300D18A72 /* Person+CoreDataClass.swift in Sources */,
				FEE40E63256C23C200FDA5BF /* AppDelegate.swift in Sources */,
				FEE40E65256C23C200FDA5BF /* SceneDelegate.swift in Sources */,
				FE11D69D256C8D1300D18A72 /* Family+CoreDataProperties.swift in Sources */,
			);
			runOnlyForDeploymentPostprocessing = 0;
		};
/* End PBXSourcesBuildPhase section */

/* Begin PBXVariantGroup section */
		FEE40E68256C23C200FDA5BF /* Main.storyboard */ = {
			isa = PBXVariantGroup;
			children = (
				FEE40E69256C23C200FDA5BF /* Base */,
			);
			name = Main.storyboard;
			sourceTree = "<group>";
		};
		FEE40E70256C23C300FDA5BF /* LaunchScreen.storyboard */ = {
			isa = PBXVariantGroup;
			children = (
				FEE40E71256C23C300FDA5BF /* Base */,
			);
			name = LaunchScreen.storyboard;
			sourceTree = "<group>";
		};
/* End PBXVariantGroup section */

/* Begin XCBuildConfiguration section */
		FEE40E74256C23C300FDA5BF /* Debug */ = {
			isa = XCBuildConfiguration;
			buildSettings = {
				ALWAYS_SEARCH_USER_PATHS = NO;
				CLANG_ANALYZER_NONNULL = YES;
				CLANG_ANALYZER_NUMBER_OBJECT_CONVERSION = YES_AGGRESSIVE;
				CLANG_CXX_LANGUAGE_STANDARD = "gnu++14";
				CLANG_CXX_LIBRARY = "libc++";
				CLANG_ENABLE_MODULES = YES;
				CLANG_ENABLE_OBJC_ARC = YES;
				CLANG_ENABLE_OBJC_WEAK = YES;
				CLANG_WARN_BLOCK_CAPTURE_AUTORELEASING = YES;
				CLANG_WARN_BOOL_CONVERSION = YES;
				CLANG_WARN_COMMA = YES;
				CLANG_WARN_CONSTANT_CONVERSION = YES;
				CLANG_WARN_DEPRECATED_OBJC_IMPLEMENTATIONS = YES;
				CLANG_WARN_DIRECT_OBJC_ISA_USAGE = YES_ERROR;
				CLANG_WARN_DOCUMENTATION_COMMENTS = YES;
				CLANG_WARN_EMPTY_BODY = YES;
				CLANG_WARN_ENUM_CONVERSION = YES;
				CLANG_WARN_INFINITE_RECURSION = YES;
				CLANG_WARN_INT_CONVERSION = YES;
				CLANG_WARN_NON_LITERAL_NULL_CONVERSION = YES;
				CLANG_WARN_OBJC_IMPLICIT_RETAIN_SELF = YES;
				CLANG_WARN_OBJC_LITERAL_CONVERSION = YES;
				CLANG_WARN_OBJC_ROOT_CLASS = YES_ERROR;
				CLANG_WARN_QUOTED_INCLUDE_IN_FRAMEWORK_HEADER = YES;
				CLANG_WARN_RANGE_LOOP_ANALYSIS = YES;
				CLANG_WARN_STRICT_PROTOTYPES = YES;
				CLANG_WARN_SUSPICIOUS_MOVE = YES;
				CLANG_WARN_UNGUARDED_AVAILABILITY = YES_AGGRESSIVE;
				CLANG_WARN_UNREACHABLE_CODE = YES;
				CLANG_WARN__DUPLICATE_METHOD_MATCH = YES;
				COPY_PHASE_STRIP = NO;
				DEBUG_INFORMATION_FORMAT = dwarf;
				ENABLE_STRICT_OBJC_MSGSEND = YES;
				ENABLE_TESTABILITY = YES;
				GCC_C_LANGUAGE_STANDARD = gnu11;
				GCC_DYNAMIC_NO_PIC = NO;
				GCC_NO_COMMON_BLOCKS = YES;
				GCC_OPTIMIZATION_LEVEL = 0;
				GCC_PREPROCESSOR_DEFINITIONS = (
					"DEBUG=1",
					"$(inherited)",
				);
				GCC_WARN_64_TO_32_BIT_CONVERSION = YES;
				GCC_WARN_ABOUT_RETURN_TYPE = YES_ERROR;
				GCC_WARN_UNDECLARED_SELECTOR = YES;
				GCC_WARN_UNINITIALIZED_AUTOS = YES_AGGRESSIVE;
				GCC_WARN_UNUSED_FUNCTION = YES;
				GCC_WARN_UNUSED_VARIABLE = YES;
				IPHONEOS_DEPLOYMENT_TARGET = 14.2;
				MTL_ENABLE_DEBUG_INFO = INCLUDE_SOURCE;
				MTL_FAST_MATH = YES;
				ONLY_ACTIVE_ARCH = YES;
				SDKROOT = iphoneos;
				SWIFT_ACTIVE_COMPILATION_CONDITIONS = DEBUG;
				SWIFT_OPTIMIZATION_LEVEL = "-Onone";
			};
			name = Debug;
		};
		FEE40E75256C23C300FDA5BF /* Release */ = {
			isa = XCBuildConfiguration;
			buildSettings = {
				ALWAYS_SEARCH_USER_PATHS = NO;
				CLANG_ANALYZER_NONNULL = YES;
				CLANG_ANALYZER_NUMBER_OBJECT_CONVERSION = YES_AGGRESSIVE;
				CLANG_CXX_LANGUAGE_STANDARD = "gnu++14";
				CLANG_CXX_LIBRARY = "libc++";
				CLANG_ENABLE_MODULES = YES;
				CLANG_ENABLE_OBJC_ARC = YES;
				CLANG_ENABLE_OBJC_WEAK = YES;
				CLANG_WARN_BLOCK_CAPTURE_AUTORELEASING = YES;
				CLANG_WARN_BOOL_CONVERSION = YES;
				CLANG_WARN_COMMA = YES;
				CLANG_WARN_CONSTANT_CONVERSION = YES;
				CLANG_WARN_DEPRECATED_OBJC_IMPLEMENTATIONS = YES;
				CLANG_WARN_DIRECT_OBJC_ISA_USAGE = YES_ERROR;
				CLANG_WARN_DOCUMENTATION_COMMENTS = YES;
				CLANG_WARN_EMPTY_BODY = YES;
				CLANG_WARN_ENUM_CONVERSION = YES;
				CLANG_WARN_INFINITE_RECURSION = YES;
				CLANG_WARN_INT_CONVERSION = YES;
				CLANG_WARN_NON_LITERAL_NULL_CONVERSION = YES;
				CLANG_WARN_OBJC_IMPLICIT_RETAIN_SELF = YES;
				CLANG_WARN_OBJC_LITERAL_CONVERSION = YES;
				CLANG_WARN_OBJC_ROOT_CLASS = YES_ERROR;
				CLANG_WARN_QUOTED_INCLUDE_IN_FRAMEWORK_HEADER = YES;
				CLANG_WARN_RANGE_LOOP_ANALYSIS = YES;
				CLANG_WARN_STRICT_PROTOTYPES = YES;
				CLANG_WARN_SUSPICIOUS_MOVE = YES;
				CLANG_WARN_UNGUARDED_AVAILABILITY = YES_AGGRESSIVE;
				CLANG_WARN_UNREACHABLE_CODE = YES;
				CLANG_WARN__DUPLICATE_METHOD_MATCH = YES;
				COPY_PHASE_STRIP = NO;
				DEBUG_INFORMATION_FORMAT = "dwarf-with-dsym";
				ENABLE_NS_ASSERTIONS = NO;
				ENABLE_STRICT_OBJC_MSGSEND = YES;
				GCC_C_LANGUAGE_STANDARD = gnu11;
				GCC_NO_COMMON_BLOCKS = YES;
				GCC_WARN_64_TO_32_BIT_CONVERSION = YES;
				GCC_WARN_ABOUT_RETURN_TYPE = YES_ERROR;
				GCC_WARN_UNDECLARED_SELECTOR = YES;
				GCC_WARN_UNINITIALIZED_AUTOS = YES_AGGRESSIVE;
				GCC_WARN_UNUSED_FUNCTION = YES;
				GCC_WARN_UNUSED_VARIABLE = YES;
				IPHONEOS_DEPLOYMENT_TARGET = 14.2;
				MTL_ENABLE_DEBUG_INFO = NO;
				MTL_FAST_MATH = YES;
				SDKROOT = iphoneos;
				SWIFT_COMPILATION_MODE = wholemodule;
				SWIFT_OPTIMIZATION_LEVEL = "-O";
				VALIDATE_PRODUCT = YES;
			};
			name = Release;
		};
		FEE40E77256C23C300FDA5BF /* Debug */ = {
			isa = XCBuildConfiguration;
			buildSettings = {
				ASSETCATALOG_COMPILER_APPICON_NAME = AppIcon;
				ASSETCATALOG_COMPILER_GLOBAL_ACCENT_COLOR_NAME = AccentColor;
				CODE_SIGN_STYLE = Automatic;
				DEVELOPMENT_TEAM = NJVB322UA6;
				INFOPLIST_FILE = CoreDataTest/Info.plist;
				LD_RUNPATH_SEARCH_PATHS = (
					"$(inherited)",
					"@executable_path/Frameworks",
				);
				PRODUCT_BUNDLE_IDENTIFIER = com.prashuk.CoreDataTest;
				PRODUCT_NAME = "$(TARGET_NAME)";
				SWIFT_VERSION = 5.0;
				TARGETED_DEVICE_FAMILY = "1,2";
			};
			name = Debug;
		};
		FEE40E78256C23C300FDA5BF /* Release */ = {
			isa = XCBuildConfiguration;
			buildSettings = {
				ASSETCATALOG_COMPILER_APPICON_NAME = AppIcon;
				ASSETCATALOG_COMPILER_GLOBAL_ACCENT_COLOR_NAME = AccentColor;
				CODE_SIGN_STYLE = Automatic;
				DEVELOPMENT_TEAM = NJVB322UA6;
				INFOPLIST_FILE = CoreDataTest/Info.plist;
				LD_RUNPATH_SEARCH_PATHS = (
					"$(inherited)",
					"@executable_path/Frameworks",
				);
				PRODUCT_BUNDLE_IDENTIFIER = com.prashuk.CoreDataTest;
				PRODUCT_NAME = "$(TARGET_NAME)";
				SWIFT_VERSION = 5.0;
				TARGETED_DEVICE_FAMILY = "1,2";
			};
			name = Release;
		};
/* End XCBuildConfiguration section */

/* Begin XCConfigurationList section */
		FEE40E5A256C23C200FDA5BF /* Build configuration list for PBXProject "CoreDataTest" */ = {
			isa = XCConfigurationList;
			buildConfigurations = (
				FEE40E74256C23C300FDA5BF /* Debug */,
				FEE40E75256C23C300FDA5BF /* Release */,
			);
			defaultConfigurationIsVisible = 0;
			defaultConfigurationName = Release;
		};
		FEE40E76256C23C300FDA5BF /* Build configuration list for PBXNativeTarget "CoreDataTest" */ = {
			isa = XCConfigurationList;
			buildConfigurations = (
				FEE40E77256C23C300FDA5BF /* Debug */,
				FEE40E78256C23C300FDA5BF /* Release */,
			);
			defaultConfigurationIsVisible = 0;
			defaultConfigurationName = Release;
		};
/* End XCConfigurationList section */

/* Begin XCVersionGroup section */
		FEE40E6B256C23C200FDA5BF /* CoreDataTest.xcdatamodeld */ = {
			isa = XCVersionGroup;
			children = (
				FEE40E6C256C23C200FDA5BF /* CoreDataTest.xcdatamodel */,
			);
			currentVersion = FEE40E6C256C23C200FDA5BF /* CoreDataTest.xcdatamodel */;
			path = CoreDataTest.xcdatamodeld;
			sourceTree = "<group>";
			versionGroupType = wrapper.xcdatamodel;
		};
/* End XCVersionGroup section */
	};
	rootObject = FEE40E57256C23C200FDA5BF /* Project object */;
}
